// !$*UTF8*$!
{
	archiveVersion = 1;
	classes = {
	};
	objectVersion = 46;
	objects = {

/* Begin PBXBuildFile section */
		671587DF8175B3F18BE0AE80 /* Pods_OnePercent.framework in Frameworks */ = {isa = PBXBuildFile; fileRef = 19D81F9C6D7691B2043DC12A /* Pods_OnePercent.framework */; };
		C912B6B51E1E4D9B0023A49F /* Time.swift in Sources */ = {isa = PBXBuildFile; fileRef = C912B6B41E1E4D9B0023A49F /* Time.swift */; };
		C91916AF1E5C277C00644444 /* WinnerCollectionViewCell.swift in Sources */ = {isa = PBXBuildFile; fileRef = C91916AE1E5C277C00644444 /* WinnerCollectionViewCell.swift */; };
		C91916B11E5C3D6400644444 /* winnerCollectionFooterView.swift in Sources */ = {isa = PBXBuildFile; fileRef = C91916B01E5C3D6400644444 /* winnerCollectionFooterView.swift */; };
		C91D92F51E0CED7D007B5034 /* OnePercentColor.swift in Sources */ = {isa = PBXBuildFile; fileRef = C91D92F41E0CED7D007B5034 /* OnePercentColor.swift */; };
		C92EC03D1DBD1D58005D7D8B /* AppDelegate.swift in Sources */ = {isa = PBXBuildFile; fileRef = C92EC03C1DBD1D58005D7D8B /* AppDelegate.swift */; };
		C92EC03F1DBD1D58005D7D8B /* ViewController.swift in Sources */ = {isa = PBXBuildFile; fileRef = C92EC03E1DBD1D58005D7D8B /* ViewController.swift */; };
		C92EC0421DBD1D58005D7D8B /* Main.storyboard in Resources */ = {isa = PBXBuildFile; fileRef = C92EC0401DBD1D58005D7D8B /* Main.storyboard */; };
		C92EC0441DBD1D58005D7D8B /* Assets.xcassets in Resources */ = {isa = PBXBuildFile; fileRef = C92EC0431DBD1D58005D7D8B /* Assets.xcassets */; };
		C92EC0471DBD1D58005D7D8B /* LaunchScreen.storyboard in Resources */ = {isa = PBXBuildFile; fileRef = C92EC0451DBD1D58005D7D8B /* LaunchScreen.storyboard */; };
		C934F3341E5EA72D00525C90 /* WinnerCollectionHeaderView.swift in Sources */ = {isa = PBXBuildFile; fileRef = C934F3331E5EA72D00525C90 /* WinnerCollectionHeaderView.swift */; };
		C93B483E216BD3F40086F6F5 /* NotificationCenter.framework in Frameworks */ = {isa = PBXBuildFile; fileRef = C93B483D216BD3F40086F6F5 /* NotificationCenter.framework */; settings = {ATTRIBUTES = (Required, ); }; };
		C93B4841216BD3F50086F6F5 /* TodayViewController.swift in Sources */ = {isa = PBXBuildFile; fileRef = C93B4840216BD3F50086F6F5 /* TodayViewController.swift */; };
		C93B4844216BD3F50086F6F5 /* MainInterface.storyboard in Resources */ = {isa = PBXBuildFile; fileRef = C93B4842216BD3F50086F6F5 /* MainInterface.storyboard */; };
		C93B4848216BD3F50086F6F5 /* widget.appex in Embed App Extensions */ = {isa = PBXBuildFile; fileRef = C93B483C216BD3F40086F6F5 /* widget.appex */; settings = {ATTRIBUTES = (RemoveHeadersOnCopy, ); }; };
		C940CE541E1248EF00E2AF9E /* Vote.swift in Sources */ = {isa = PBXBuildFile; fileRef = C940CE531E1248EF00E2AF9E /* Vote.swift */; };
		C940CE561E124E0300E2AF9E /* Prize.swift in Sources */ = {isa = PBXBuildFile; fileRef = C940CE551E124E0300E2AF9E /* Prize.swift */; };
		C940CE581E124EBC00E2AF9E /* MyVote.swift in Sources */ = {isa = PBXBuildFile; fileRef = C940CE571E124EBC00E2AF9E /* MyVote.swift */; };
		C940CE5A1E125CDE00E2AF9E /* CalendarViewController.swift in Sources */ = {isa = PBXBuildFile; fileRef = C940CE591E125CDE00E2AF9E /* CalendarViewController.swift */; };
		C952D0751E55A26500DAEE40 /* CalendarNavigationView.xib in Resources */ = {isa = PBXBuildFile; fileRef = C952D0741E55A26500DAEE40 /* CalendarNavigationView.xib */; };
		C952D0781E55A4A600DAEE40 /* CalendarNavigationView.swift in Sources */ = {isa = PBXBuildFile; fileRef = C952D0771E55A4A600DAEE40 /* CalendarNavigationView.swift */; };
		C952D07B1E55A61000DAEE40 /* WinnerViewController.swift in Sources */ = {isa = PBXBuildFile; fileRef = C952D07A1E55A61000DAEE40 /* WinnerViewController.swift */; };
		C95338591DCEE0EE00FDE4F3 /* SignUpResult.swift in Sources */ = {isa = PBXBuildFile; fileRef = C95338581DCEE0EE00FDE4F3 /* SignUpResult.swift */; };
		C953385B1DCEE10B00FDE4F3 /* LoginResult.swift in Sources */ = {isa = PBXBuildFile; fileRef = C953385A1DCEE10B00FDE4F3 /* LoginResult.swift */; };
		C958181B216F0A2500B8BF2F /* GoogleService-Info.plist in Resources */ = {isa = PBXBuildFile; fileRef = C958181A216F0A2400B8BF2F /* GoogleService-Info.plist */; };
		C96002311E65400D00658F61 /* OnePercentSignUpAlert.swift in Sources */ = {isa = PBXBuildFile; fileRef = C96002301E65400D00658F61 /* OnePercentSignUpAlert.swift */; };
		C98EB05B1DC2EA6400B22C16 /* VoteViewController.swift in Sources */ = {isa = PBXBuildFile; fileRef = C98EB05A1DC2EA6400B22C16 /* VoteViewController.swift */; };
		C98EB05D1DC2EA7D00B22C16 /* VoteCollectionViewCell.swift in Sources */ = {isa = PBXBuildFile; fileRef = C98EB05C1DC2EA7D00B22C16 /* VoteCollectionViewCell.swift */; };
		C98EB0601DC3464900B22C16 /* User.swift in Sources */ = {isa = PBXBuildFile; fileRef = C98EB05F1DC3464900B22C16 /* User.swift */; };
		C9A609071EB1FB3C0026C45E /* WinnerInteractor.swift in Sources */ = {isa = PBXBuildFile; fileRef = C9A609061EB1FB3C0026C45E /* WinnerInteractor.swift */; };
		C9A609091EB1FB4C0026C45E /* WinnerPresenter.swift in Sources */ = {isa = PBXBuildFile; fileRef = C9A609081EB1FB4C0026C45E /* WinnerPresenter.swift */; };
		C9A6090B1EB1FB5E0026C45E /* WinnerWireframe.swift in Sources */ = {isa = PBXBuildFile; fileRef = C9A6090A1EB1FB5E0026C45E /* WinnerWireframe.swift */; };
		C9A6090D1EB1FD0B0026C45E /* WinnerProtocol.swift in Sources */ = {isa = PBXBuildFile; fileRef = C9A6090C1EB1FD0B0026C45E /* WinnerProtocol.swift */; };
		C9A6090F1EB5BB000026C45E /* WinnerView.swift in Sources */ = {isa = PBXBuildFile; fileRef = C9A6090E1EB5BB000026C45E /* WinnerView.swift */; };
		C9AE60FE1E7192E300B4A081 /* MoreTableViewController.swift in Sources */ = {isa = PBXBuildFile; fileRef = C9AE60FD1E7192E300B4A081 /* MoreTableViewController.swift */; };
		C9AE61001E729ED200B4A081 /* MoreWithViewViewController.swift in Sources */ = {isa = PBXBuildFile; fileRef = C9AE60FF1E729ED200B4A081 /* MoreWithViewViewController.swift */; };
		C9AE61021E729EFD00B4A081 /* MoreWithTableVIewViewController.swift in Sources */ = {isa = PBXBuildFile; fileRef = C9AE61011E729EFD00B4A081 /* MoreWithTableVIewViewController.swift */; };
		C9AE61041E729F4000B4A081 /* MoreMainTableViewController.swift in Sources */ = {isa = PBXBuildFile; fileRef = C9AE61031E729F4000B4A081 /* MoreMainTableViewController.swift */; };
		C9AE61061E72A3FF00B4A081 /* MoreTableViewCell.swift in Sources */ = {isa = PBXBuildFile; fileRef = C9AE61051E72A3FF00B4A081 /* MoreTableViewCell.swift */; };
		C9BFF70C1DEC4E5400C7F76A /* MainTabBarController.swift in Sources */ = {isa = PBXBuildFile; fileRef = C9BFF70B1DEC4E5400C7F76A /* MainTabBarController.swift */; };
		C9BFF70E1DEC592A00C7F76A /* OnePercentButton.swift in Sources */ = {isa = PBXBuildFile; fileRef = C9BFF70D1DEC592A00C7F76A /* OnePercentButton.swift */; };
		C9C610581DBF539F005849C3 /* GoogleService-Info.plist in Resources */ = {isa = PBXBuildFile; fileRef = C9C610571DBF539F005849C3 /* GoogleService-Info.plist */; };
		C9C6108F1DC1B696005849C3 /* LoginViewController.swift in Sources */ = {isa = PBXBuildFile; fileRef = C9C6108E1DC1B696005849C3 /* LoginViewController.swift */; };
		C9CAC9EC1E767CED009A4836 /* MoreList.swift in Sources */ = {isa = PBXBuildFile; fileRef = C9CAC9EB1E767CED009A4836 /* MoreList.swift */; };
		C9CAC9EE1E79277B009A4836 /* PushAlarmTableViewController.swift in Sources */ = {isa = PBXBuildFile; fileRef = C9CAC9ED1E79277B009A4836 /* PushAlarmTableViewController.swift */; };
		C9CAC9F01E8016BF009A4836 /* Onepercent+DefaultKeys.swift in Sources */ = {isa = PBXBuildFile; fileRef = C9CAC9EF1E8016BF009A4836 /* Onepercent+DefaultKeys.swift */; };
		C9CDA7F11DC752290044CB65 /* HTTPMethod.swift in Sources */ = {isa = PBXBuildFile; fileRef = C9CDA7F01DC752290044CB65 /* HTTPMethod.swift */; };
		C9CDA7F51DC75DAC0044CB65 /* Alamofire+OnePercent.swift in Sources */ = {isa = PBXBuildFile; fileRef = C9CDA7F41DC75DAC0044CB65 /* Alamofire+OnePercent.swift */; };
		C9CDA7F71DC75FAA0044CB65 /* AlamofireLogger.swift in Sources */ = {isa = PBXBuildFile; fileRef = C9CDA7F61DC75FAA0044CB65 /* AlamofireLogger.swift */; };
		C9CDA7F91DC889FA0044CB65 /* EntryNumber.swift in Sources */ = {isa = PBXBuildFile; fileRef = C9CDA7F81DC889FA0044CB65 /* EntryNumber.swift */; };
		C9D200171E408CB200F5E44A /* Example.swift in Sources */ = {isa = PBXBuildFile; fileRef = C9D200161E408CB200F5E44A /* Example.swift */; };
		C9EF25A01E55CAC50023C494 /* Gift.swift in Sources */ = {isa = PBXBuildFile; fileRef = C9EF259F1E55CAC50023C494 /* Gift.swift */; };
		C9EF25A21E55D9340023C494 /* Question.swift in Sources */ = {isa = PBXBuildFile; fileRef = C9EF25A11E55D9340023C494 /* Question.swift */; };
		C9F0D37F1DC649C300B9B03B /* SignUpViewController.swift in Sources */ = {isa = PBXBuildFile; fileRef = C9F0D37E1DC649C300B9B03B /* SignUpViewController.swift */; };
/* End PBXBuildFile section */

/* Begin PBXContainerItemProxy section */
		C93B4846216BD3F50086F6F5 /* PBXContainerItemProxy */ = {
			isa = PBXContainerItemProxy;
			containerPortal = C92EC0311DBD1D58005D7D8B /* Project object */;
			proxyType = 1;
			remoteGlobalIDString = C93B483B216BD3F40086F6F5;
			remoteInfo = widget;
		};
/* End PBXContainerItemProxy section */

/* Begin PBXCopyFilesBuildPhase section */
		C93B484C216BD3F50086F6F5 /* Embed App Extensions */ = {
			isa = PBXCopyFilesBuildPhase;
			buildActionMask = 2147483647;
			dstPath = "";
			dstSubfolderSpec = 13;
			files = (
				C93B4848216BD3F50086F6F5 /* widget.appex in Embed App Extensions */,
			);
			name = "Embed App Extensions";
			runOnlyForDeploymentPostprocessing = 0;
		};
/* End PBXCopyFilesBuildPhase section */

/* Begin PBXFileReference section */
		0C5C038525AA49DD02E1450F /* Pods-OnePercentTests.debug.xcconfig */ = {isa = PBXFileReference; includeInIndex = 1; lastKnownFileType = text.xcconfig; name = "Pods-OnePercentTests.debug.xcconfig"; path = "Pods/Target Support Files/Pods-OnePercentTests/Pods-OnePercentTests.debug.xcconfig"; sourceTree = "<group>"; };
		19D81F9C6D7691B2043DC12A /* Pods_OnePercent.framework */ = {isa = PBXFileReference; explicitFileType = wrapper.framework; includeInIndex = 0; path = Pods_OnePercent.framework; sourceTree = BUILT_PRODUCTS_DIR; };
		1E48A16E811BAF37F6F42875 /* Pods-OnePercentUITests.release.xcconfig */ = {isa = PBXFileReference; includeInIndex = 1; lastKnownFileType = text.xcconfig; name = "Pods-OnePercentUITests.release.xcconfig"; path = "Pods/Target Support Files/Pods-OnePercentUITests/Pods-OnePercentUITests.release.xcconfig"; sourceTree = "<group>"; };
		2F20949AA7F64CBFA6815107 /* Pods_widget.framework */ = {isa = PBXFileReference; explicitFileType = wrapper.framework; includeInIndex = 0; path = Pods_widget.framework; sourceTree = BUILT_PRODUCTS_DIR; };
		A1093B9C83B53C7D8589CC21 /* Pods_OnePercentTests.framework */ = {isa = PBXFileReference; explicitFileType = wrapper.framework; includeInIndex = 0; path = Pods_OnePercentTests.framework; sourceTree = BUILT_PRODUCTS_DIR; };
		ADD3843C8BACA77BEABA1A28 /* Pods-OnePercent.debug.xcconfig */ = {isa = PBXFileReference; includeInIndex = 1; lastKnownFileType = text.xcconfig; name = "Pods-OnePercent.debug.xcconfig"; path = "Pods/Target Support Files/Pods-OnePercent/Pods-OnePercent.debug.xcconfig"; sourceTree = "<group>"; };
		B08C263D874AC3AB2E759998 /* Pods-OnePercent.release.xcconfig */ = {isa = PBXFileReference; includeInIndex = 1; lastKnownFileType = text.xcconfig; name = "Pods-OnePercent.release.xcconfig"; path = "Pods/Target Support Files/Pods-OnePercent/Pods-OnePercent.release.xcconfig"; sourceTree = "<group>"; };
		C912B6B41E1E4D9B0023A49F /* Time.swift */ = {isa = PBXFileReference; fileEncoding = 4; lastKnownFileType = sourcecode.swift; path = Time.swift; sourceTree = "<group>"; };
		C91916AE1E5C277C00644444 /* WinnerCollectionViewCell.swift */ = {isa = PBXFileReference; fileEncoding = 4; lastKnownFileType = sourcecode.swift; path = WinnerCollectionViewCell.swift; sourceTree = "<group>"; };
		C91916B01E5C3D6400644444 /* winnerCollectionFooterView.swift */ = {isa = PBXFileReference; fileEncoding = 4; lastKnownFileType = sourcecode.swift; path = winnerCollectionFooterView.swift; sourceTree = "<group>"; };
		C91D92F41E0CED7D007B5034 /* OnePercentColor.swift */ = {isa = PBXFileReference; fileEncoding = 4; lastKnownFileType = sourcecode.swift; path = OnePercentColor.swift; sourceTree = "<group>"; };
		C92EC0391DBD1D58005D7D8B /* OnePercent.app */ = {isa = PBXFileReference; explicitFileType = wrapper.application; includeInIndex = 0; path = OnePercent.app; sourceTree = BUILT_PRODUCTS_DIR; };
		C92EC03C1DBD1D58005D7D8B /* AppDelegate.swift */ = {isa = PBXFileReference; lastKnownFileType = sourcecode.swift; name = AppDelegate.swift; path = Sources/AppDelegate.swift; sourceTree = "<group>"; };
		C92EC03E1DBD1D58005D7D8B /* ViewController.swift */ = {isa = PBXFileReference; lastKnownFileType = sourcecode.swift; name = ViewController.swift; path = Sources/ViewController.swift; sourceTree = "<group>"; };
		C92EC0411DBD1D58005D7D8B /* Base */ = {isa = PBXFileReference; lastKnownFileType = file.storyboard; name = Base; path = Base.lproj/Main.storyboard; sourceTree = "<group>"; };
		C92EC0431DBD1D58005D7D8B /* Assets.xcassets */ = {isa = PBXFileReference; lastKnownFileType = folder.assetcatalog; name = Assets.xcassets; path = Resources/Assets.xcassets; sourceTree = "<group>"; };
		C92EC0461DBD1D58005D7D8B /* Base */ = {isa = PBXFileReference; lastKnownFileType = file.storyboard; name = Base; path = Base.lproj/LaunchScreen.storyboard; sourceTree = "<group>"; };
		C92EC0481DBD1D58005D7D8B /* Info.plist */ = {isa = PBXFileReference; lastKnownFileType = text.plist.xml; name = Info.plist; path = ../Info.plist; sourceTree = "<group>"; };
		C934F3331E5EA72D00525C90 /* WinnerCollectionHeaderView.swift */ = {isa = PBXFileReference; fileEncoding = 4; lastKnownFileType = sourcecode.swift; path = WinnerCollectionHeaderView.swift; sourceTree = "<group>"; };
		C93B483C216BD3F40086F6F5 /* widget.appex */ = {isa = PBXFileReference; explicitFileType = "wrapper.app-extension"; includeInIndex = 0; path = widget.appex; sourceTree = BUILT_PRODUCTS_DIR; };
		C93B483D216BD3F40086F6F5 /* NotificationCenter.framework */ = {isa = PBXFileReference; lastKnownFileType = wrapper.framework; name = NotificationCenter.framework; path = System/Library/Frameworks/NotificationCenter.framework; sourceTree = SDKROOT; };
		C93B4840216BD3F50086F6F5 /* TodayViewController.swift */ = {isa = PBXFileReference; lastKnownFileType = sourcecode.swift; path = TodayViewController.swift; sourceTree = "<group>"; };
		C93B4843216BD3F50086F6F5 /* Base */ = {isa = PBXFileReference; lastKnownFileType = file.storyboard; name = Base; path = Base.lproj/MainInterface.storyboard; sourceTree = "<group>"; };
		C93B4845216BD3F50086F6F5 /* Info.plist */ = {isa = PBXFileReference; lastKnownFileType = text.plist.xml; path = Info.plist; sourceTree = "<group>"; };
		C93B484D216BDB120086F6F5 /* FirebaseDatabase.framework */ = {isa = PBXFileReference; explicitFileType = wrapper.framework; path = FirebaseDatabase.framework; sourceTree = BUILT_PRODUCTS_DIR; };
		C93B484F216BDB460086F6F5 /* FirebaseCore.framework */ = {isa = PBXFileReference; explicitFileType = wrapper.framework; path = FirebaseCore.framework; sourceTree = BUILT_PRODUCTS_DIR; };
		C93B4851216BDD760086F6F5 /* FirebaseDatabase.framework */ = {isa = PBXFileReference; explicitFileType = wrapper.framework; path = FirebaseDatabase.framework; sourceTree = BUILT_PRODUCTS_DIR; };
		C93B4853216BDFB70086F6F5 /* FirebaseAuth.framework */ = {isa = PBXFileReference; explicitFileType = wrapper.framework; path = FirebaseAuth.framework; sourceTree = BUILT_PRODUCTS_DIR; };
		C93B4855216BDFB70086F6F5 /* FirebaseCore.framework */ = {isa = PBXFileReference; explicitFileType = wrapper.framework; path = FirebaseCore.framework; sourceTree = BUILT_PRODUCTS_DIR; };
		C93B4857216BDFB70086F6F5 /* FirebaseStorage.framework */ = {isa = PBXFileReference; explicitFileType = wrapper.framework; path = FirebaseStorage.framework; sourceTree = BUILT_PRODUCTS_DIR; };
		C93B4859216BDFB70086F6F5 /* FirebaseUI.framework */ = {isa = PBXFileReference; explicitFileType = wrapper.framework; path = FirebaseUI.framework; sourceTree = BUILT_PRODUCTS_DIR; };
		C93B485B216D0EE80086F6F5 /* FirebaseCore.framework */ = {isa = PBXFileReference; explicitFileType = wrapper.framework; path = FirebaseCore.framework; sourceTree = BUILT_PRODUCTS_DIR; };
		C93B485D216D0EE90086F6F5 /* FirebaseDatabase.framework */ = {isa = PBXFileReference; explicitFileType = wrapper.framework; path = FirebaseDatabase.framework; sourceTree = BUILT_PRODUCTS_DIR; };
		C940CE531E1248EF00E2AF9E /* Vote.swift */ = {isa = PBXFileReference; fileEncoding = 4; lastKnownFileType = sourcecode.swift; path = Vote.swift; sourceTree = "<group>"; };
		C940CE551E124E0300E2AF9E /* Prize.swift */ = {isa = PBXFileReference; fileEncoding = 4; lastKnownFileType = sourcecode.swift; path = Prize.swift; sourceTree = "<group>"; };
		C940CE571E124EBC00E2AF9E /* MyVote.swift */ = {isa = PBXFileReference; fileEncoding = 4; lastKnownFileType = sourcecode.swift; path = MyVote.swift; sourceTree = "<group>"; };
		C940CE591E125CDE00E2AF9E /* CalendarViewController.swift */ = {isa = PBXFileReference; fileEncoding = 4; lastKnownFileType = sourcecode.swift; path = CalendarViewController.swift; sourceTree = "<group>"; };
		C952D0741E55A26500DAEE40 /* CalendarNavigationView.xib */ = {isa = PBXFileReference; fileEncoding = 4; lastKnownFileType = file.xib; path = CalendarNavigationView.xib; sourceTree = "<group>"; };
		C952D0771E55A4A600DAEE40 /* CalendarNavigationView.swift */ = {isa = PBXFileReference; fileEncoding = 4; lastKnownFileType = sourcecode.swift; path = CalendarNavigationView.swift; sourceTree = "<group>"; };
		C952D07A1E55A61000DAEE40 /* WinnerViewController.swift */ = {isa = PBXFileReference; fileEncoding = 4; lastKnownFileType = sourcecode.swift; path = WinnerViewController.swift; sourceTree = "<group>"; };
		C95338581DCEE0EE00FDE4F3 /* SignUpResult.swift */ = {isa = PBXFileReference; fileEncoding = 4; lastKnownFileType = sourcecode.swift; path = SignUpResult.swift; sourceTree = "<group>"; };
		C953385A1DCEE10B00FDE4F3 /* LoginResult.swift */ = {isa = PBXFileReference; fileEncoding = 4; lastKnownFileType = sourcecode.swift; path = LoginResult.swift; sourceTree = "<group>"; };
		C9581816216F098800B8BF2F /* FirebaseCore.framework */ = {isa = PBXFileReference; explicitFileType = wrapper.framework; path = FirebaseCore.framework; sourceTree = BUILT_PRODUCTS_DIR; };
		C9581818216F098800B8BF2F /* FirebaseDatabase.framework */ = {isa = PBXFileReference; explicitFileType = wrapper.framework; path = FirebaseDatabase.framework; sourceTree = BUILT_PRODUCTS_DIR; };
		C958181A216F0A2400B8BF2F /* GoogleService-Info.plist */ = {isa = PBXFileReference; fileEncoding = 4; lastKnownFileType = text.plist.xml; path = "GoogleService-Info.plist"; sourceTree = "<group>"; };
		C958181C216F0B1900B8BF2F /* FirebaseCore.framework */ = {isa = PBXFileReference; explicitFileType = wrapper.framework; path = FirebaseCore.framework; sourceTree = BUILT_PRODUCTS_DIR; };
		C958181E216F0B2100B8BF2F /* FirebaseDatabase.framework */ = {isa = PBXFileReference; explicitFileType = wrapper.framework; path = FirebaseDatabase.framework; sourceTree = BUILT_PRODUCTS_DIR; };
		C9581820217075C200B8BF2F /* OnePercent.entitlements */ = {isa = PBXFileReference; lastKnownFileType = text.plist.entitlements; path = OnePercent.entitlements; sourceTree = "<group>"; };
		C95818212170764B00B8BF2F /* widget.entitlements */ = {isa = PBXFileReference; lastKnownFileType = text.plist.entitlements; path = widget.entitlements; sourceTree = "<group>"; };
		C96002301E65400D00658F61 /* OnePercentSignUpAlert.swift */ = {isa = PBXFileReference; fileEncoding = 4; lastKnownFileType = sourcecode.swift; path = OnePercentSignUpAlert.swift; sourceTree = "<group>"; };
		C98EB05A1DC2EA6400B22C16 /* VoteViewController.swift */ = {isa = PBXFileReference; fileEncoding = 4; lastKnownFileType = sourcecode.swift; name = VoteViewController.swift; path = Sources/VoteViewController.swift; sourceTree = "<group>"; };
		C98EB05C1DC2EA7D00B22C16 /* VoteCollectionViewCell.swift */ = {isa = PBXFileReference; fileEncoding = 4; lastKnownFileType = sourcecode.swift; name = VoteCollectionViewCell.swift; path = Sources/VoteCollectionViewCell.swift; sourceTree = "<group>"; };
		C98EB05F1DC3464900B22C16 /* User.swift */ = {isa = PBXFileReference; fileEncoding = 4; lastKnownFileType = sourcecode.swift; name = User.swift; path = Sources/User.swift; sourceTree = "<group>"; };
		C9A609061EB1FB3C0026C45E /* WinnerInteractor.swift */ = {isa = PBXFileReference; fileEncoding = 4; lastKnownFileType = sourcecode.swift; path = WinnerInteractor.swift; sourceTree = "<group>"; };
		C9A609081EB1FB4C0026C45E /* WinnerPresenter.swift */ = {isa = PBXFileReference; fileEncoding = 4; lastKnownFileType = sourcecode.swift; path = WinnerPresenter.swift; sourceTree = "<group>"; };
		C9A6090A1EB1FB5E0026C45E /* WinnerWireframe.swift */ = {isa = PBXFileReference; fileEncoding = 4; lastKnownFileType = sourcecode.swift; path = WinnerWireframe.swift; sourceTree = "<group>"; };
		C9A6090C1EB1FD0B0026C45E /* WinnerProtocol.swift */ = {isa = PBXFileReference; fileEncoding = 4; lastKnownFileType = sourcecode.swift; path = WinnerProtocol.swift; sourceTree = "<group>"; };
		C9A6090E1EB5BB000026C45E /* WinnerView.swift */ = {isa = PBXFileReference; fileEncoding = 4; lastKnownFileType = sourcecode.swift; path = WinnerView.swift; sourceTree = "<group>"; };
		C9AE60FD1E7192E300B4A081 /* MoreTableViewController.swift */ = {isa = PBXFileReference; fileEncoding = 4; lastKnownFileType = sourcecode.swift; path = MoreTableViewController.swift; sourceTree = "<group>"; };
		C9AE60FF1E729ED200B4A081 /* MoreWithViewViewController.swift */ = {isa = PBXFileReference; fileEncoding = 4; lastKnownFileType = sourcecode.swift; path = MoreWithViewViewController.swift; sourceTree = "<group>"; };
		C9AE61011E729EFD00B4A081 /* MoreWithTableVIewViewController.swift */ = {isa = PBXFileReference; fileEncoding = 4; lastKnownFileType = sourcecode.swift; path = MoreWithTableVIewViewController.swift; sourceTree = "<group>"; };
		C9AE61031E729F4000B4A081 /* MoreMainTableViewController.swift */ = {isa = PBXFileReference; fileEncoding = 4; lastKnownFileType = sourcecode.swift; path = MoreMainTableViewController.swift; sourceTree = "<group>"; };
		C9AE61051E72A3FF00B4A081 /* MoreTableViewCell.swift */ = {isa = PBXFileReference; fileEncoding = 4; lastKnownFileType = sourcecode.swift; path = MoreTableViewCell.swift; sourceTree = "<group>"; };
		C9BFF70B1DEC4E5400C7F76A /* MainTabBarController.swift */ = {isa = PBXFileReference; fileEncoding = 4; lastKnownFileType = sourcecode.swift; path = MainTabBarController.swift; sourceTree = "<group>"; };
		C9BFF70D1DEC592A00C7F76A /* OnePercentButton.swift */ = {isa = PBXFileReference; fileEncoding = 4; lastKnownFileType = sourcecode.swift; path = OnePercentButton.swift; sourceTree = "<group>"; };
		C9C610571DBF539F005849C3 /* GoogleService-Info.plist */ = {isa = PBXFileReference; fileEncoding = 4; lastKnownFileType = text.plist.xml; path = "GoogleService-Info.plist"; sourceTree = "<group>"; };
		C9C6108E1DC1B696005849C3 /* LoginViewController.swift */ = {isa = PBXFileReference; fileEncoding = 4; lastKnownFileType = sourcecode.swift; name = LoginViewController.swift; path = Sources/LoginViewController.swift; sourceTree = "<group>"; };
		C9CAC9EB1E767CED009A4836 /* MoreList.swift */ = {isa = PBXFileReference; fileEncoding = 4; lastKnownFileType = sourcecode.swift; path = MoreList.swift; sourceTree = "<group>"; };
		C9CAC9ED1E79277B009A4836 /* PushAlarmTableViewController.swift */ = {isa = PBXFileReference; fileEncoding = 4; lastKnownFileType = sourcecode.swift; path = PushAlarmTableViewController.swift; sourceTree = "<group>"; };
		C9CAC9EF1E8016BF009A4836 /* Onepercent+DefaultKeys.swift */ = {isa = PBXFileReference; fileEncoding = 4; lastKnownFileType = sourcecode.swift; path = "Onepercent+DefaultKeys.swift"; sourceTree = "<group>"; };
		C9CDA7F01DC752290044CB65 /* HTTPMethod.swift */ = {isa = PBXFileReference; fileEncoding = 4; lastKnownFileType = sourcecode.swift; path = HTTPMethod.swift; sourceTree = "<group>"; };
		C9CDA7F41DC75DAC0044CB65 /* Alamofire+OnePercent.swift */ = {isa = PBXFileReference; fileEncoding = 4; lastKnownFileType = sourcecode.swift; path = "Alamofire+OnePercent.swift"; sourceTree = "<group>"; };
		C9CDA7F61DC75FAA0044CB65 /* AlamofireLogger.swift */ = {isa = PBXFileReference; fileEncoding = 4; lastKnownFileType = sourcecode.swift; path = AlamofireLogger.swift; sourceTree = "<group>"; };
		C9CDA7F81DC889FA0044CB65 /* EntryNumber.swift */ = {isa = PBXFileReference; fileEncoding = 4; lastKnownFileType = sourcecode.swift; path = EntryNumber.swift; sourceTree = "<group>"; };
		C9D200161E408CB200F5E44A /* Example.swift */ = {isa = PBXFileReference; fileEncoding = 4; lastKnownFileType = sourcecode.swift; path = Example.swift; sourceTree = "<group>"; };
		C9EF259F1E55CAC50023C494 /* Gift.swift */ = {isa = PBXFileReference; fileEncoding = 4; lastKnownFileType = sourcecode.swift; path = Gift.swift; sourceTree = "<group>"; };
		C9EF25A11E55D9340023C494 /* Question.swift */ = {isa = PBXFileReference; fileEncoding = 4; lastKnownFileType = sourcecode.swift; path = Question.swift; sourceTree = "<group>"; };
		C9F0D37E1DC649C300B9B03B /* SignUpViewController.swift */ = {isa = PBXFileReference; fileEncoding = 4; lastKnownFileType = sourcecode.swift; name = SignUpViewController.swift; path = Sources/SignUpViewController.swift; sourceTree = "<group>"; };
		D90E4C80152C792A97308648 /* Pods_OnePercentUITests.framework */ = {isa = PBXFileReference; explicitFileType = wrapper.framework; includeInIndex = 0; path = Pods_OnePercentUITests.framework; sourceTree = BUILT_PRODUCTS_DIR; };
		DD5D3F20F52375E1D82A2789 /* Pods-OnePercentTests.release.xcconfig */ = {isa = PBXFileReference; includeInIndex = 1; lastKnownFileType = text.xcconfig; name = "Pods-OnePercentTests.release.xcconfig"; path = "Pods/Target Support Files/Pods-OnePercentTests/Pods-OnePercentTests.release.xcconfig"; sourceTree = "<group>"; };
		E666AEE99FF67B194C2EAED3 /* Pods-OnePercentUITests.debug.xcconfig */ = {isa = PBXFileReference; includeInIndex = 1; lastKnownFileType = text.xcconfig; name = "Pods-OnePercentUITests.debug.xcconfig"; path = "Pods/Target Support Files/Pods-OnePercentUITests/Pods-OnePercentUITests.debug.xcconfig"; sourceTree = "<group>"; };
/* End PBXFileReference section */

/* Begin PBXFrameworksBuildPhase section */
		C92EC0361DBD1D58005D7D8B /* Frameworks */ = {
			isa = PBXFrameworksBuildPhase;
			buildActionMask = 2147483647;
			files = (
				671587DF8175B3F18BE0AE80 /* Pods_OnePercent.framework in Frameworks */,
			);
			runOnlyForDeploymentPostprocessing = 0;
		};
		C93B4839216BD3F40086F6F5 /* Frameworks */ = {
			isa = PBXFrameworksBuildPhase;
			buildActionMask = 2147483647;
			files = (
				C93B483E216BD3F40086F6F5 /* NotificationCenter.framework in Frameworks */,
			);
			runOnlyForDeploymentPostprocessing = 0;
		};
/* End PBXFrameworksBuildPhase section */

/* Begin PBXGroup section */
		00E03BADE17FF14639443E2A /* Pods */ = {
			isa = PBXGroup;
			children = (
				ADD3843C8BACA77BEABA1A28 /* Pods-OnePercent.debug.xcconfig */,
				B08C263D874AC3AB2E759998 /* Pods-OnePercent.release.xcconfig */,
				0C5C038525AA49DD02E1450F /* Pods-OnePercentTests.debug.xcconfig */,
				DD5D3F20F52375E1D82A2789 /* Pods-OnePercentTests.release.xcconfig */,
				E666AEE99FF67B194C2EAED3 /* Pods-OnePercentUITests.debug.xcconfig */,
				1E48A16E811BAF37F6F42875 /* Pods-OnePercentUITests.release.xcconfig */,
			);
			name = Pods;
			sourceTree = "<group>";
		};
		81F1322D03BFEF19CB5102EE /* Frameworks */ = {
			isa = PBXGroup;
			children = (
				C958181E216F0B2100B8BF2F /* FirebaseDatabase.framework */,
				C958181C216F0B1900B8BF2F /* FirebaseCore.framework */,
				C9581816216F098800B8BF2F /* FirebaseCore.framework */,
				C9581818216F098800B8BF2F /* FirebaseDatabase.framework */,
				C93B485B216D0EE80086F6F5 /* FirebaseCore.framework */,
				C93B485D216D0EE90086F6F5 /* FirebaseDatabase.framework */,
				C93B4853216BDFB70086F6F5 /* FirebaseAuth.framework */,
				C93B4855216BDFB70086F6F5 /* FirebaseCore.framework */,
				C93B4857216BDFB70086F6F5 /* FirebaseStorage.framework */,
				C93B4859216BDFB70086F6F5 /* FirebaseUI.framework */,
				C93B4851216BDD760086F6F5 /* FirebaseDatabase.framework */,
				C93B484F216BDB460086F6F5 /* FirebaseCore.framework */,
				C93B484D216BDB120086F6F5 /* FirebaseDatabase.framework */,
				19D81F9C6D7691B2043DC12A /* Pods_OnePercent.framework */,
				A1093B9C83B53C7D8589CC21 /* Pods_OnePercentTests.framework */,
				D90E4C80152C792A97308648 /* Pods_OnePercentUITests.framework */,
				C93B483D216BD3F40086F6F5 /* NotificationCenter.framework */,
				2F20949AA7F64CBFA6815107 /* Pods_widget.framework */,
			);
			name = Frameworks;
			sourceTree = "<group>";
		};
		C92EC0301DBD1D58005D7D8B = {
			isa = PBXGroup;
			children = (
				C92EC03B1DBD1D58005D7D8B /* OnePercent */,
				C93B483F216BD3F50086F6F5 /* widget */,
				C92EC03A1DBD1D58005D7D8B /* Products */,
				00E03BADE17FF14639443E2A /* Pods */,
				81F1322D03BFEF19CB5102EE /* Frameworks */,
			);
			sourceTree = "<group>";
		};
		C92EC03A1DBD1D58005D7D8B /* Products */ = {
			isa = PBXGroup;
			children = (
				C92EC0391DBD1D58005D7D8B /* OnePercent.app */,
				C93B483C216BD3F40086F6F5 /* widget.appex */,
			);
			name = Products;
			sourceTree = "<group>";
		};
		C92EC03B1DBD1D58005D7D8B /* OnePercent */ = {
			isa = PBXGroup;
			children = (
				C9581820217075C200B8BF2F /* OnePercent.entitlements */,
				C9C610551DBF520C005849C3 /* Sources */,
				C9C610561DBF5215005849C3 /* Resources */,
				C9F0D3851DC659CF00B9B03B /* Supports */,
			);
			path = OnePercent;
			sourceTree = "<group>";
		};
		C93B483F216BD3F50086F6F5 /* widget */ = {
			isa = PBXGroup;
			children = (
				C95818212170764B00B8BF2F /* widget.entitlements */,
				C958181A216F0A2400B8BF2F /* GoogleService-Info.plist */,
				C93B4840216BD3F50086F6F5 /* TodayViewController.swift */,
				C93B4842216BD3F50086F6F5 /* MainInterface.storyboard */,
				C93B4845216BD3F50086F6F5 /* Info.plist */,
			);
			path = widget;
			sourceTree = "<group>";
		};
		C952D0761E55A47400DAEE40 /* Calendar */ = {
			isa = PBXGroup;
			children = (
				C952D0741E55A26500DAEE40 /* CalendarNavigationView.xib */,
				C952D0771E55A4A600DAEE40 /* CalendarNavigationView.swift */,
			);
			name = Calendar;
			sourceTree = "<group>";
		};
		C952D0791E55A5F500DAEE40 /* Winner */ = {
			isa = PBXGroup;
			children = (
				C9A608FD1EB1FAA00026C45E /* Application Logic */,
				C9A608FF1EB1FAC80026C45E /* Module Interface */,
				C9A608FE1EB1FAAD0026C45E /* User Interface */,
			);
			name = Winner;
			sourceTree = "<group>";
		};
		C97B1AB21DD06A90009CC477 /* More */ = {
			isa = PBXGroup;
			children = (
				C9AE60FD1E7192E300B4A081 /* MoreTableViewController.swift */,
				C9AE60FF1E729ED200B4A081 /* MoreWithViewViewController.swift */,
				C9AE61011E729EFD00B4A081 /* MoreWithTableVIewViewController.swift */,
				C9AE61031E729F4000B4A081 /* MoreMainTableViewController.swift */,
				C9AE61051E72A3FF00B4A081 /* MoreTableViewCell.swift */,
				C9CAC9ED1E79277B009A4836 /* PushAlarmTableViewController.swift */,
			);
			name = More;
			sourceTree = "<group>";
		};
		C98EB0591DC2EA4400B22C16 /* Vote */ = {
			isa = PBXGroup;
			children = (
				C98EB05C1DC2EA7D00B22C16 /* VoteCollectionViewCell.swift */,
				C98EB05A1DC2EA6400B22C16 /* VoteViewController.swift */,
			);
			name = Vote;
			sourceTree = "<group>";
		};
		C98EB05E1DC3462800B22C16 /* Model */ = {
			isa = PBXGroup;
			children = (
				C940CE531E1248EF00E2AF9E /* Vote.swift */,
				C940CE551E124E0300E2AF9E /* Prize.swift */,
				C98EB05F1DC3464900B22C16 /* User.swift */,
				C9CDA7F01DC752290044CB65 /* HTTPMethod.swift */,
				C9CDA7F81DC889FA0044CB65 /* EntryNumber.swift */,
				C95338581DCEE0EE00FDE4F3 /* SignUpResult.swift */,
				C953385A1DCEE10B00FDE4F3 /* LoginResult.swift */,
				C940CE571E124EBC00E2AF9E /* MyVote.swift */,
				C912B6B41E1E4D9B0023A49F /* Time.swift */,
				C9D200161E408CB200F5E44A /* Example.swift */,
				C9EF259F1E55CAC50023C494 /* Gift.swift */,
				C9EF25A11E55D9340023C494 /* Question.swift */,
				C9CAC9EB1E767CED009A4836 /* MoreList.swift */,
				C9CAC9EF1E8016BF009A4836 /* Onepercent+DefaultKeys.swift */,
			);
			name = Model;
			sourceTree = "<group>";
		};
		C9A608FD1EB1FAA00026C45E /* Application Logic */ = {
			isa = PBXGroup;
			children = (
				C9A609021EB1FAF50026C45E /* Interactor */,
				C9A609011EB1FAEC0026C45E /* Manager */,
				C9A609001EB1FAE70026C45E /* Model */,
			);
			name = "Application Logic";
			sourceTree = "<group>";
		};
		C9A608FE1EB1FAAD0026C45E /* User Interface */ = {
			isa = PBXGroup;
			children = (
				C9A609051EB1FB080026C45E /* Presenter */,
				C9A609041EB1FB020026C45E /* View */,
				C9A609031EB1FAFC0026C45E /* Wireframe */,
			);
			name = "User Interface";
			sourceTree = "<group>";
		};
		C9A608FF1EB1FAC80026C45E /* Module Interface */ = {
			isa = PBXGroup;
			children = (
				C9A6090C1EB1FD0B0026C45E /* WinnerProtocol.swift */,
			);
			name = "Module Interface";
			sourceTree = "<group>";
		};
		C9A609001EB1FAE70026C45E /* Model */ = {
			isa = PBXGroup;
			children = (
			);
			name = Model;
			sourceTree = "<group>";
		};
		C9A609011EB1FAEC0026C45E /* Manager */ = {
			isa = PBXGroup;
			children = (
			);
			name = Manager;
			sourceTree = "<group>";
		};
		C9A609021EB1FAF50026C45E /* Interactor */ = {
			isa = PBXGroup;
			children = (
				C9A609061EB1FB3C0026C45E /* WinnerInteractor.swift */,
			);
			name = Interactor;
			sourceTree = "<group>";
		};
		C9A609031EB1FAFC0026C45E /* Wireframe */ = {
			isa = PBXGroup;
			children = (
				C9A6090A1EB1FB5E0026C45E /* WinnerWireframe.swift */,
			);
			name = Wireframe;
			sourceTree = "<group>";
		};
		C9A609041EB1FB020026C45E /* View */ = {
			isa = PBXGroup;
			children = (
				C952D07A1E55A61000DAEE40 /* WinnerViewController.swift */,
				C91916AE1E5C277C00644444 /* WinnerCollectionViewCell.swift */,
				C91916B01E5C3D6400644444 /* winnerCollectionFooterView.swift */,
				C934F3331E5EA72D00525C90 /* WinnerCollectionHeaderView.swift */,
				C9A6090E1EB5BB000026C45E /* WinnerView.swift */,
			);
			name = View;
			sourceTree = "<group>";
		};
		C9A609051EB1FB080026C45E /* Presenter */ = {
			isa = PBXGroup;
			children = (
				C9A609081EB1FB4C0026C45E /* WinnerPresenter.swift */,
			);
			name = Presenter;
			sourceTree = "<group>";
		};
		C9C610551DBF520C005849C3 /* Sources */ = {
			isa = PBXGroup;
			children = (
				C9CDA7F31DC75D840044CB65 /* Utils */,
				C92EC03C1DBD1D58005D7D8B /* AppDelegate.swift */,
				C9F0D3861DC65A3000B9B03B /* ViewComponents */,
				C9F0D3881DC65A7800B9B03B /* CustomViews */,
				C9F0D3871DC65A7000B9B03B /* Vipers */,
			);
			name = Sources;
			sourceTree = "<group>";
		};
		C9C610561DBF5215005849C3 /* Resources */ = {
			isa = PBXGroup;
			children = (
				C92EC0401DBD1D58005D7D8B /* Main.storyboard */,
				C92EC0451DBD1D58005D7D8B /* LaunchScreen.storyboard */,
				C92EC0431DBD1D58005D7D8B /* Assets.xcassets */,
			);
			name = Resources;
			sourceTree = "<group>";
		};
		C9C6108B1DC1B62C005849C3 /* Login */ = {
			isa = PBXGroup;
			children = (
				C9C6108E1DC1B696005849C3 /* LoginViewController.swift */,
			);
			name = Login;
			sourceTree = "<group>";
		};
		C9CDA7F31DC75D840044CB65 /* Utils */ = {
			isa = PBXGroup;
			children = (
				C9CDA7F41DC75DAC0044CB65 /* Alamofire+OnePercent.swift */,
				C9CDA7F61DC75FAA0044CB65 /* AlamofireLogger.swift */,
			);
			name = Utils;
			sourceTree = "<group>";
		};
		C9F0D37D1DC6496800B9B03B /* SignUp */ = {
			isa = PBXGroup;
			children = (
				C9F0D37E1DC649C300B9B03B /* SignUpViewController.swift */,
			);
			name = SignUp;
			sourceTree = "<group>";
		};
		C9F0D3831DC64E7600B9B03B /* Home */ = {
			isa = PBXGroup;
			children = (
				C92EC03E1DBD1D58005D7D8B /* ViewController.swift */,
			);
			name = Home;
			sourceTree = "<group>";
		};
		C9F0D3851DC659CF00B9B03B /* Supports */ = {
			isa = PBXGroup;
			children = (
				C9C610571DBF539F005849C3 /* GoogleService-Info.plist */,
				C92EC0481DBD1D58005D7D8B /* Info.plist */,
			);
			name = Supports;
			sourceTree = "<group>";
		};
		C9F0D3861DC65A3000B9B03B /* ViewComponents */ = {
			isa = PBXGroup;
			children = (
				C952D0791E55A5F500DAEE40 /* Winner */,
				C952D0761E55A47400DAEE40 /* Calendar */,
				C98EB05E1DC3462800B22C16 /* Model */,
				C97B1AB21DD06A90009CC477 /* More */,
				C9F0D3831DC64E7600B9B03B /* Home */,
				C9F0D37D1DC6496800B9B03B /* SignUp */,
				C98EB0591DC2EA4400B22C16 /* Vote */,
				C9C6108B1DC1B62C005849C3 /* Login */,
				C9BFF70B1DEC4E5400C7F76A /* MainTabBarController.swift */,
				C940CE591E125CDE00E2AF9E /* CalendarViewController.swift */,
			);
			name = ViewComponents;
			sourceTree = "<group>";
		};
		C9F0D3871DC65A7000B9B03B /* Vipers */ = {
			isa = PBXGroup;
			children = (
			);
			name = Vipers;
			sourceTree = "<group>";
		};
		C9F0D3881DC65A7800B9B03B /* CustomViews */ = {
			isa = PBXGroup;
			children = (
				C9BFF70D1DEC592A00C7F76A /* OnePercentButton.swift */,
				C91D92F41E0CED7D007B5034 /* OnePercentColor.swift */,
				C96002301E65400D00658F61 /* OnePercentSignUpAlert.swift */,
			);
			name = CustomViews;
			sourceTree = "<group>";
		};
/* End PBXGroup section */

/* Begin PBXNativeTarget section */
		C92EC0381DBD1D58005D7D8B /* OnePercent */ = {
			isa = PBXNativeTarget;
			buildConfigurationList = C92EC0611DBD1D59005D7D8B /* Build configuration list for PBXNativeTarget "OnePercent" */;
			buildPhases = (
				70870DEF730B8AD148C7B19B /* [CP] Check Pods Manifest.lock */,
				C92EC0351DBD1D58005D7D8B /* Sources */,
				C92EC0361DBD1D58005D7D8B /* Frameworks */,
				C92EC0371DBD1D58005D7D8B /* Resources */,
				FE0C238516E2FCFD91A861F4 /* [CP] Embed Pods Frameworks */,
				4C3631AC4B842ED9D6B6CD5C /* [CP] Copy Pods Resources */,
				C93B484C216BD3F50086F6F5 /* Embed App Extensions */,
			);
			buildRules = (
			);
			dependencies = (
				C93B4847216BD3F50086F6F5 /* PBXTargetDependency */,
			);
			name = OnePercent;
			productName = OnePercent;
			productReference = C92EC0391DBD1D58005D7D8B /* OnePercent.app */;
			productType = "com.apple.product-type.application";
		};
		C93B483B216BD3F40086F6F5 /* widget */ = {
			isa = PBXNativeTarget;
			buildConfigurationList = C93B4849216BD3F50086F6F5 /* Build configuration list for PBXNativeTarget "widget" */;
			buildPhases = (
				C93B4838216BD3F40086F6F5 /* Sources */,
				C93B4839216BD3F40086F6F5 /* Frameworks */,
				C93B483A216BD3F40086F6F5 /* Resources */,
			);
			buildRules = (
			);
			dependencies = (
			);
			name = widget;
			productName = widget;
			productReference = C93B483C216BD3F40086F6F5 /* widget.appex */;
			productType = "com.apple.product-type.app-extension";
		};
/* End PBXNativeTarget section */

/* Begin PBXProject section */
		C92EC0311DBD1D58005D7D8B /* Project object */ = {
			isa = PBXProject;
			attributes = {
				LastSwiftUpdateCheck = 0940;
				LastUpgradeCheck = 0800;
				ORGANIZATIONNAME = "김혜원";
				TargetAttributes = {
					C92EC0381DBD1D58005D7D8B = {
						CreatedOnToolsVersion = 8.0;
						DevelopmentTeam = 4RQU4C3Q95;
						LastSwiftMigration = 0800;
						ProvisioningStyle = Automatic;
						SystemCapabilities = {
							com.apple.ApplicationGroups.iOS = {
								enabled = 1;
							};
						};
					};
					C93B483B216BD3F40086F6F5 = {
						CreatedOnToolsVersion = 9.4.1;
						DevelopmentTeam = 4RQU4C3Q95;
						ProvisioningStyle = Automatic;
						SystemCapabilities = {
							com.apple.ApplicationGroups.iOS = {
								enabled = 1;
							};
						};
					};
				};
			};
			buildConfigurationList = C92EC0341DBD1D58005D7D8B /* Build configuration list for PBXProject "OnePercent" */;
			compatibilityVersion = "Xcode 3.2";
			developmentRegion = English;
			hasScannedForEncodings = 0;
			knownRegions = (
				en,
				Base,
			);
			mainGroup = C92EC0301DBD1D58005D7D8B;
			productRefGroup = C92EC03A1DBD1D58005D7D8B /* Products */;
			projectDirPath = "";
			projectRoot = "";
			targets = (
				C92EC0381DBD1D58005D7D8B /* OnePercent */,
				C93B483B216BD3F40086F6F5 /* widget */,
			);
		};
/* End PBXProject section */

/* Begin PBXResourcesBuildPhase section */
		C92EC0371DBD1D58005D7D8B /* Resources */ = {
			isa = PBXResourcesBuildPhase;
			buildActionMask = 2147483647;
			files = (
				C92EC0471DBD1D58005D7D8B /* LaunchScreen.storyboard in Resources */,
				C952D0751E55A26500DAEE40 /* CalendarNavigationView.xib in Resources */,
				C9C610581DBF539F005849C3 /* GoogleService-Info.plist in Resources */,
				C92EC0441DBD1D58005D7D8B /* Assets.xcassets in Resources */,
				C92EC0421DBD1D58005D7D8B /* Main.storyboard in Resources */,
			);
			runOnlyForDeploymentPostprocessing = 0;
		};
		C93B483A216BD3F40086F6F5 /* Resources */ = {
			isa = PBXResourcesBuildPhase;
			buildActionMask = 2147483647;
			files = (
				C93B4844216BD3F50086F6F5 /* MainInterface.storyboard in Resources */,
				C958181B216F0A2500B8BF2F /* GoogleService-Info.plist in Resources */,
			);
			runOnlyForDeploymentPostprocessing = 0;
		};
/* End PBXResourcesBuildPhase section */

/* Begin PBXShellScriptBuildPhase section */
		4C3631AC4B842ED9D6B6CD5C /* [CP] Copy Pods Resources */ = {
			isa = PBXShellScriptBuildPhase;
			buildActionMask = 2147483647;
			files = (
			);
			inputPaths = (
				"${SRCROOT}/Pods/Target Support Files/Pods-OnePercent/Pods-OnePercent-resources.sh",
				"${PODS_ROOT}/GoogleSignIn/Resources/GoogleSignIn.bundle",
			);
			name = "[CP] Copy Pods Resources";
			outputPaths = (
				"${TARGET_BUILD_DIR}/${UNLOCALIZED_RESOURCES_FOLDER_PATH}/GoogleSignIn.bundle",
			);
			runOnlyForDeploymentPostprocessing = 0;
			shellPath = /bin/sh;
			shellScript = "\"${SRCROOT}/Pods/Target Support Files/Pods-OnePercent/Pods-OnePercent-resources.sh\"\n";
			showEnvVarsInLog = 0;
		};
		70870DEF730B8AD148C7B19B /* [CP] Check Pods Manifest.lock */ = {
			isa = PBXShellScriptBuildPhase;
			buildActionMask = 2147483647;
			files = (
			);
			inputPaths = (
				"${PODS_PODFILE_DIR_PATH}/Podfile.lock",
				"${PODS_ROOT}/Manifest.lock",
			);
			name = "[CP] Check Pods Manifest.lock";
			outputPaths = (
				"$(DERIVED_FILE_DIR)/Pods-OnePercent-checkManifestLockResult.txt",
			);
			runOnlyForDeploymentPostprocessing = 0;
			shellPath = /bin/sh;
			shellScript = "diff \"${PODS_PODFILE_DIR_PATH}/Podfile.lock\" \"${PODS_ROOT}/Manifest.lock\" > /dev/null\nif [ $? != 0 ] ; then\n    # print error to STDERR\n    echo \"error: The sandbox is not in sync with the Podfile.lock. Run 'pod install' or update your CocoaPods installation.\" >&2\n    exit 1\nfi\n# This output is used by Xcode 'outputs' to avoid re-running this script phase.\necho \"SUCCESS\" > \"${SCRIPT_OUTPUT_FILE_0}\"\n";
			showEnvVarsInLog = 0;
		};
		FE0C238516E2FCFD91A861F4 /* [CP] Embed Pods Frameworks */ = {
			isa = PBXShellScriptBuildPhase;
			buildActionMask = 2147483647;
			files = (
			);
			inputPaths = (
				"${SRCROOT}/Pods/Target Support Files/Pods-OnePercent/Pods-OnePercent-frameworks.sh",
				"${BUILT_PRODUCTS_DIR}/Alamofire/Alamofire.framework",
				"${BUILT_PRODUCTS_DIR}/AlamofireImage/AlamofireImage.framework",
				"${BUILT_PRODUCTS_DIR}/AlamofireObjectMapper/AlamofireObjectMapper.framework",
				"${BUILT_PRODUCTS_DIR}/AsyncSwift/Async.framework",
				"${BUILT_PRODUCTS_DIR}/CVCalendar/CVCalendar.framework",
				"${BUILT_PRODUCTS_DIR}/DeviceGuru/DeviceGuru.framework",
				"${BUILT_PRODUCTS_DIR}/GTMOAuth2/GTMOAuth2.framework",
				"${BUILT_PRODUCTS_DIR}/GTMSessionFetcher/GTMSessionFetcher.framework",
				"${BUILT_PRODUCTS_DIR}/GoogleToolboxForMac/GoogleToolboxForMac.framework",
				"${BUILT_PRODUCTS_DIR}/GoogleUtilities/GoogleUtilities.framework",
				"${BUILT_PRODUCTS_DIR}/NVActivityIndicatorView/NVActivityIndicatorView.framework",
				"${BUILT_PRODUCTS_DIR}/ObjectMapper/ObjectMapper.framework",
				"${BUILT_PRODUCTS_DIR}/ObjectMapper+Realm/ObjectMapper_Realm.framework",
				"${BUILT_PRODUCTS_DIR}/Protobuf/Protobuf.framework",
				"${BUILT_PRODUCTS_DIR}/Realm/Realm.framework",
				"${BUILT_PRODUCTS_DIR}/RealmSwift/RealmSwift.framework",
				"${BUILT_PRODUCTS_DIR}/RxCocoa/RxCocoa.framework",
				"${BUILT_PRODUCTS_DIR}/RxSwift/RxSwift.framework",
				"${BUILT_PRODUCTS_DIR}/SDWebImage/SDWebImage.framework",
				"${BUILT_PRODUCTS_DIR}/SwiftyTimer/SwiftyTimer.framework",
				"${BUILT_PRODUCTS_DIR}/SwiftyUserDefaults/SwiftyUserDefaults.framework",
				"${BUILT_PRODUCTS_DIR}/leveldb-library/leveldb.framework",
				"${BUILT_PRODUCTS_DIR}/nanopb/nanopb.framework",
			);
			name = "[CP] Embed Pods Frameworks";
			outputPaths = (
				"${TARGET_BUILD_DIR}/${FRAMEWORKS_FOLDER_PATH}/Alamofire.framework",
				"${TARGET_BUILD_DIR}/${FRAMEWORKS_FOLDER_PATH}/AlamofireImage.framework",
				"${TARGET_BUILD_DIR}/${FRAMEWORKS_FOLDER_PATH}/AlamofireObjectMapper.framework",
				"${TARGET_BUILD_DIR}/${FRAMEWORKS_FOLDER_PATH}/Async.framework",
				"${TARGET_BUILD_DIR}/${FRAMEWORKS_FOLDER_PATH}/CVCalendar.framework",
				"${TARGET_BUILD_DIR}/${FRAMEWORKS_FOLDER_PATH}/DeviceGuru.framework",
				"${TARGET_BUILD_DIR}/${FRAMEWORKS_FOLDER_PATH}/GTMOAuth2.framework",
				"${TARGET_BUILD_DIR}/${FRAMEWORKS_FOLDER_PATH}/GTMSessionFetcher.framework",
				"${TARGET_BUILD_DIR}/${FRAMEWORKS_FOLDER_PATH}/GoogleToolboxForMac.framework",
				"${TARGET_BUILD_DIR}/${FRAMEWORKS_FOLDER_PATH}/GoogleUtilities.framework",
				"${TARGET_BUILD_DIR}/${FRAMEWORKS_FOLDER_PATH}/NVActivityIndicatorView.framework",
				"${TARGET_BUILD_DIR}/${FRAMEWORKS_FOLDER_PATH}/ObjectMapper.framework",
				"${TARGET_BUILD_DIR}/${FRAMEWORKS_FOLDER_PATH}/ObjectMapper_Realm.framework",
				"${TARGET_BUILD_DIR}/${FRAMEWORKS_FOLDER_PATH}/Protobuf.framework",
				"${TARGET_BUILD_DIR}/${FRAMEWORKS_FOLDER_PATH}/Realm.framework",
				"${TARGET_BUILD_DIR}/${FRAMEWORKS_FOLDER_PATH}/RealmSwift.framework",
				"${TARGET_BUILD_DIR}/${FRAMEWORKS_FOLDER_PATH}/RxCocoa.framework",
				"${TARGET_BUILD_DIR}/${FRAMEWORKS_FOLDER_PATH}/RxSwift.framework",
				"${TARGET_BUILD_DIR}/${FRAMEWORKS_FOLDER_PATH}/SDWebImage.framework",
				"${TARGET_BUILD_DIR}/${FRAMEWORKS_FOLDER_PATH}/SwiftyTimer.framework",
				"${TARGET_BUILD_DIR}/${FRAMEWORKS_FOLDER_PATH}/SwiftyUserDefaults.framework",
				"${TARGET_BUILD_DIR}/${FRAMEWORKS_FOLDER_PATH}/leveldb.framework",
				"${TARGET_BUILD_DIR}/${FRAMEWORKS_FOLDER_PATH}/nanopb.framework",
			);
			runOnlyForDeploymentPostprocessing = 0;
			shellPath = /bin/sh;
			shellScript = "\"${SRCROOT}/Pods/Target Support Files/Pods-OnePercent/Pods-OnePercent-frameworks.sh\"\n";
			showEnvVarsInLog = 0;
		};
/* End PBXShellScriptBuildPhase section */

/* Begin PBXSourcesBuildPhase section */
		C92EC0351DBD1D58005D7D8B /* Sources */ = {
			isa = PBXSourcesBuildPhase;
			buildActionMask = 2147483647;
			files = (
				C95338591DCEE0EE00FDE4F3 /* SignUpResult.swift in Sources */,
				C98EB05B1DC2EA6400B22C16 /* VoteViewController.swift in Sources */,
				C9EF25A21E55D9340023C494 /* Question.swift in Sources */,
				C940CE561E124E0300E2AF9E /* Prize.swift in Sources */,
				C9D200171E408CB200F5E44A /* Example.swift in Sources */,
				C9AE61021E729EFD00B4A081 /* MoreWithTableVIewViewController.swift in Sources */,
				C940CE5A1E125CDE00E2AF9E /* CalendarViewController.swift in Sources */,
				C9CAC9EC1E767CED009A4836 /* MoreList.swift in Sources */,
				C9CAC9EE1E79277B009A4836 /* PushAlarmTableViewController.swift in Sources */,
				C9CAC9F01E8016BF009A4836 /* Onepercent+DefaultKeys.swift in Sources */,
				C9CDA7F91DC889FA0044CB65 /* EntryNumber.swift in Sources */,
				C9AE61041E729F4000B4A081 /* MoreMainTableViewController.swift in Sources */,
				C9EF25A01E55CAC50023C494 /* Gift.swift in Sources */,
				C9F0D37F1DC649C300B9B03B /* SignUpViewController.swift in Sources */,
				C952D0781E55A4A600DAEE40 /* CalendarNavigationView.swift in Sources */,
				C9C6108F1DC1B696005849C3 /* LoginViewController.swift in Sources */,
				C952D07B1E55A61000DAEE40 /* WinnerViewController.swift in Sources */,
				C940CE541E1248EF00E2AF9E /* Vote.swift in Sources */,
				C91916B11E5C3D6400644444 /* winnerCollectionFooterView.swift in Sources */,
				C9CDA7F51DC75DAC0044CB65 /* Alamofire+OnePercent.swift in Sources */,
				C9A6090D1EB1FD0B0026C45E /* WinnerProtocol.swift in Sources */,
				C9AE60FE1E7192E300B4A081 /* MoreTableViewController.swift in Sources */,
				C91D92F51E0CED7D007B5034 /* OnePercentColor.swift in Sources */,
				C912B6B51E1E4D9B0023A49F /* Time.swift in Sources */,
				C9AE61061E72A3FF00B4A081 /* MoreTableViewCell.swift in Sources */,
				C96002311E65400D00658F61 /* OnePercentSignUpAlert.swift in Sources */,
				C98EB0601DC3464900B22C16 /* User.swift in Sources */,
				C9AE61001E729ED200B4A081 /* MoreWithViewViewController.swift in Sources */,
				C9A609091EB1FB4C0026C45E /* WinnerPresenter.swift in Sources */,
				C9CDA7F71DC75FAA0044CB65 /* AlamofireLogger.swift in Sources */,
				C91916AF1E5C277C00644444 /* WinnerCollectionViewCell.swift in Sources */,
				C9A6090F1EB5BB000026C45E /* WinnerView.swift in Sources */,
				C9CDA7F11DC752290044CB65 /* HTTPMethod.swift in Sources */,
				C98EB05D1DC2EA7D00B22C16 /* VoteCollectionViewCell.swift in Sources */,
				C953385B1DCEE10B00FDE4F3 /* LoginResult.swift in Sources */,
				C92EC03F1DBD1D58005D7D8B /* ViewController.swift in Sources */,
				C92EC03D1DBD1D58005D7D8B /* AppDelegate.swift in Sources */,
				C934F3341E5EA72D00525C90 /* WinnerCollectionHeaderView.swift in Sources */,
				C9BFF70E1DEC592A00C7F76A /* OnePercentButton.swift in Sources */,
				C9A609071EB1FB3C0026C45E /* WinnerInteractor.swift in Sources */,
				C9A6090B1EB1FB5E0026C45E /* WinnerWireframe.swift in Sources */,
				C9BFF70C1DEC4E5400C7F76A /* MainTabBarController.swift in Sources */,
				C940CE581E124EBC00E2AF9E /* MyVote.swift in Sources */,
			);
			runOnlyForDeploymentPostprocessing = 0;
		};
		C93B4838216BD3F40086F6F5 /* Sources */ = {
			isa = PBXSourcesBuildPhase;
			buildActionMask = 2147483647;
			files = (
				C93B4841216BD3F50086F6F5 /* TodayViewController.swift in Sources */,
			);
			runOnlyForDeploymentPostprocessing = 0;
		};
/* End PBXSourcesBuildPhase section */

/* Begin PBXTargetDependency section */
		C93B4847216BD3F50086F6F5 /* PBXTargetDependency */ = {
			isa = PBXTargetDependency;
			target = C93B483B216BD3F40086F6F5 /* widget */;
			targetProxy = C93B4846216BD3F50086F6F5 /* PBXContainerItemProxy */;
		};
/* End PBXTargetDependency section */

/* Begin PBXVariantGroup section */
		C92EC0401DBD1D58005D7D8B /* Main.storyboard */ = {
			isa = PBXVariantGroup;
			children = (
				C92EC0411DBD1D58005D7D8B /* Base */,
			);
			name = Main.storyboard;
			sourceTree = "<group>";
		};
		C92EC0451DBD1D58005D7D8B /* LaunchScreen.storyboard */ = {
			isa = PBXVariantGroup;
			children = (
				C92EC0461DBD1D58005D7D8B /* Base */,
			);
			name = LaunchScreen.storyboard;
			sourceTree = "<group>";
		};
		C93B4842216BD3F50086F6F5 /* MainInterface.storyboard */ = {
			isa = PBXVariantGroup;
			children = (
				C93B4843216BD3F50086F6F5 /* Base */,
			);
			name = MainInterface.storyboard;
			sourceTree = "<group>";
		};
/* End PBXVariantGroup section */

/* Begin XCBuildConfiguration section */
		C92EC05F1DBD1D59005D7D8B /* Debug */ = {
			isa = XCBuildConfiguration;
			buildSettings = {
				ALWAYS_SEARCH_USER_PATHS = NO;
				CLANG_ANALYZER_NONNULL = YES;
				CLANG_CXX_LANGUAGE_STANDARD = "gnu++0x";
				CLANG_CXX_LIBRARY = "libc++";
				CLANG_ENABLE_MODULES = YES;
				CLANG_ENABLE_OBJC_ARC = YES;
				CLANG_WARN_BOOL_CONVERSION = YES;
				CLANG_WARN_CONSTANT_CONVERSION = YES;
				CLANG_WARN_DIRECT_OBJC_ISA_USAGE = YES_ERROR;
				CLANG_WARN_DOCUMENTATION_COMMENTS = YES;
				CLANG_WARN_EMPTY_BODY = YES;
				CLANG_WARN_ENUM_CONVERSION = YES;
				CLANG_WARN_INFINITE_RECURSION = YES;
				CLANG_WARN_INT_CONVERSION = YES;
				CLANG_WARN_OBJC_ROOT_CLASS = YES_ERROR;
				CLANG_WARN_SUSPICIOUS_MOVE = YES;
				CLANG_WARN_SUSPICIOUS_MOVES = YES;
				CLANG_WARN_UNREACHABLE_CODE = YES;
				CLANG_WARN__DUPLICATE_METHOD_MATCH = YES;
				"CODE_SIGN_IDENTITY[sdk=iphoneos*]" = "iPhone Developer";
				COPY_PHASE_STRIP = NO;
				DEBUG_INFORMATION_FORMAT = dwarf;
				ENABLE_STRICT_OBJC_MSGSEND = YES;
				ENABLE_TESTABILITY = YES;
				GCC_C_LANGUAGE_STANDARD = gnu99;
				GCC_DYNAMIC_NO_PIC = NO;
				GCC_NO_COMMON_BLOCKS = YES;
				GCC_OPTIMIZATION_LEVEL = 0;
				GCC_PREPROCESSOR_DEFINITIONS = (
					"DEBUG=1",
					"$(inherited)",
				);
				GCC_WARN_64_TO_32_BIT_CONVERSION = YES;
				GCC_WARN_ABOUT_RETURN_TYPE = YES_ERROR;
				GCC_WARN_UNDECLARED_SELECTOR = YES;
				GCC_WARN_UNINITIALIZED_AUTOS = YES_AGGRESSIVE;
				GCC_WARN_UNUSED_FUNCTION = YES;
				GCC_WARN_UNUSED_VARIABLE = YES;
				IPHONEOS_DEPLOYMENT_TARGET = 10.0;
				MTL_ENABLE_DEBUG_INFO = YES;
				ONLY_ACTIVE_ARCH = YES;
				SDKROOT = iphoneos;
				SWIFT_ACTIVE_COMPILATION_CONDITIONS = DEBUG;
				SWIFT_OPTIMIZATION_LEVEL = "-Onone";
			};
			name = Debug;
		};
		C92EC0601DBD1D59005D7D8B /* Release */ = {
			isa = XCBuildConfiguration;
			buildSettings = {
				ALWAYS_SEARCH_USER_PATHS = NO;
				CLANG_ANALYZER_NONNULL = YES;
				CLANG_CXX_LANGUAGE_STANDARD = "gnu++0x";
				CLANG_CXX_LIBRARY = "libc++";
				CLANG_ENABLE_MODULES = YES;
				CLANG_ENABLE_OBJC_ARC = YES;
				CLANG_WARN_BOOL_CONVERSION = YES;
				CLANG_WARN_CONSTANT_CONVERSION = YES;
				CLANG_WARN_DIRECT_OBJC_ISA_USAGE = YES_ERROR;
				CLANG_WARN_DOCUMENTATION_COMMENTS = YES;
				CLANG_WARN_EMPTY_BODY = YES;
				CLANG_WARN_ENUM_CONVERSION = YES;
				CLANG_WARN_INFINITE_RECURSION = YES;
				CLANG_WARN_INT_CONVERSION = YES;
				CLANG_WARN_OBJC_ROOT_CLASS = YES_ERROR;
				CLANG_WARN_SUSPICIOUS_MOVE = YES;
				CLANG_WARN_SUSPICIOUS_MOVES = YES;
				CLANG_WARN_UNREACHABLE_CODE = YES;
				CLANG_WARN__DUPLICATE_METHOD_MATCH = YES;
				"CODE_SIGN_IDENTITY[sdk=iphoneos*]" = "iPhone Developer";
				COPY_PHASE_STRIP = NO;
				DEBUG_INFORMATION_FORMAT = "dwarf-with-dsym";
				ENABLE_NS_ASSERTIONS = NO;
				ENABLE_STRICT_OBJC_MSGSEND = YES;
				GCC_C_LANGUAGE_STANDARD = gnu99;
				GCC_NO_COMMON_BLOCKS = YES;
				GCC_WARN_64_TO_32_BIT_CONVERSION = YES;
				GCC_WARN_ABOUT_RETURN_TYPE = YES_ERROR;
				GCC_WARN_UNDECLARED_SELECTOR = YES;
				GCC_WARN_UNINITIALIZED_AUTOS = YES_AGGRESSIVE;
				GCC_WARN_UNUSED_FUNCTION = YES;
				GCC_WARN_UNUSED_VARIABLE = YES;
				IPHONEOS_DEPLOYMENT_TARGET = 10.0;
				MTL_ENABLE_DEBUG_INFO = NO;
				SDKROOT = iphoneos;
				SWIFT_OPTIMIZATION_LEVEL = "-Owholemodule";
				VALIDATE_PRODUCT = YES;
			};
			name = Release;
		};
		C92EC0621DBD1D59005D7D8B /* Debug */ = {
			isa = XCBuildConfiguration;
			baseConfigurationReference = ADD3843C8BACA77BEABA1A28 /* Pods-OnePercent.debug.xcconfig */;
			buildSettings = {
				ALWAYS_EMBED_SWIFT_STANDARD_LIBRARIES = YES;
				ASSETCATALOG_COMPILER_APPICON_NAME = AppIcon;
				CODE_SIGN_ENTITLEMENTS = OnePercent/OnePercent.entitlements;
				CODE_SIGN_IDENTITY = "iPhone Developer";
				CODE_SIGN_STYLE = Automatic;
				DEVELOPMENT_TEAM = 4RQU4C3Q95;
				INFOPLIST_FILE = "$(SRCROOT)/Info.plist";
				IPHONEOS_DEPLOYMENT_TARGET = 10.2;
				LD_RUNPATH_SEARCH_PATHS = "$(inherited) @executable_path/Frameworks";
				PRODUCT_BUNDLE_IDENTIFIER = com.OnePercent.ios;
				PRODUCT_NAME = "$(TARGET_NAME)";
				PROVISIONING_PROFILE_SPECIFIER = "";
				SWIFT_VERSION = 3.0;
			};
			name = Debug;
		};
		C92EC0631DBD1D59005D7D8B /* Release */ = {
			isa = XCBuildConfiguration;
			baseConfigurationReference = B08C263D874AC3AB2E759998 /* Pods-OnePercent.release.xcconfig */;
			buildSettings = {
				ALWAYS_EMBED_SWIFT_STANDARD_LIBRARIES = YES;
				ASSETCATALOG_COMPILER_APPICON_NAME = AppIcon;
				CODE_SIGN_ENTITLEMENTS = OnePercent/OnePercent.entitlements;
				CODE_SIGN_IDENTITY = "iPhone Developer";
				CODE_SIGN_STYLE = Automatic;
				DEVELOPMENT_TEAM = 4RQU4C3Q95;
				INFOPLIST_FILE = "$(SRCROOT)/Info.plist";
				IPHONEOS_DEPLOYMENT_TARGET = 10.2;
				LD_RUNPATH_SEARCH_PATHS = "$(inherited) @executable_path/Frameworks";
				PRODUCT_BUNDLE_IDENTIFIER = com.OnePercent.ios;
				PRODUCT_NAME = "$(TARGET_NAME)";
				PROVISIONING_PROFILE_SPECIFIER = "";
				SWIFT_VERSION = 3.0;
			};
			name = Release;
		};
		C93B484A216BD3F50086F6F5 /* Debug */ = {
			isa = XCBuildConfiguration;
			buildSettings = {
				CLANG_ANALYZER_NUMBER_OBJECT_CONVERSION = YES_AGGRESSIVE;
				CLANG_CXX_LANGUAGE_STANDARD = "gnu++14";
				CLANG_ENABLE_OBJC_WEAK = YES;
				CLANG_WARN_BLOCK_CAPTURE_AUTORELEASING = YES;
				CLANG_WARN_COMMA = YES;
				CLANG_WARN_DEPRECATED_OBJC_IMPLEMENTATIONS = YES;
				CLANG_WARN_NON_LITERAL_NULL_CONVERSION = YES;
				CLANG_WARN_OBJC_IMPLICIT_RETAIN_SELF = YES;
				CLANG_WARN_OBJC_LITERAL_CONVERSION = YES;
				CLANG_WARN_RANGE_LOOP_ANALYSIS = YES;
				CLANG_WARN_STRICT_PROTOTYPES = YES;
				CLANG_WARN_UNGUARDED_AVAILABILITY = YES_AGGRESSIVE;
				CODE_SIGN_ENTITLEMENTS = widget/widget.entitlements;
				CODE_SIGN_IDENTITY = "iPhone Developer";
				CODE_SIGN_STYLE = Automatic;
				DEVELOPMENT_TEAM = 4RQU4C3Q95;
				GCC_C_LANGUAGE_STANDARD = gnu11;
				INFOPLIST_FILE = widget/Info.plist;
				IPHONEOS_DEPLOYMENT_TARGET = 11.4;
				LD_RUNPATH_SEARCH_PATHS = "$(inherited) @executable_path/Frameworks @executable_path/../../Frameworks";
				PRODUCT_BUNDLE_IDENTIFIER = com.OnePercent.ios.widget;
				PRODUCT_NAME = "$(TARGET_NAME)";
				SKIP_INSTALL = YES;
				SWIFT_VERSION = 4.0;
				TARGETED_DEVICE_FAMILY = "1,2";
			};
			name = Debug;
		};
		C93B484B216BD3F50086F6F5 /* Release */ = {
			isa = XCBuildConfiguration;
			buildSettings = {
				CLANG_ANALYZER_NUMBER_OBJECT_CONVERSION = YES_AGGRESSIVE;
				CLANG_CXX_LANGUAGE_STANDARD = "gnu++14";
				CLANG_ENABLE_OBJC_WEAK = YES;
				CLANG_WARN_BLOCK_CAPTURE_AUTORELEASING = YES;
				CLANG_WARN_COMMA = YES;
				CLANG_WARN_DEPRECATED_OBJC_IMPLEMENTATIONS = YES;
				CLANG_WARN_NON_LITERAL_NULL_CONVERSION = YES;
				CLANG_WARN_OBJC_IMPLICIT_RETAIN_SELF = YES;
				CLANG_WARN_OBJC_LITERAL_CONVERSION = YES;
				CLANG_WARN_RANGE_LOOP_ANALYSIS = YES;
				CLANG_WARN_STRICT_PROTOTYPES = YES;
				CLANG_WARN_UNGUARDED_AVAILABILITY = YES_AGGRESSIVE;
				CODE_SIGN_ENTITLEMENTS = widget/widget.entitlements;
				CODE_SIGN_IDENTITY = "iPhone Developer";
				CODE_SIGN_STYLE = Automatic;
				DEVELOPMENT_TEAM = 4RQU4C3Q95;
				GCC_C_LANGUAGE_STANDARD = gnu11;
				INFOPLIST_FILE = widget/Info.plist;
				IPHONEOS_DEPLOYMENT_TARGET = 11.4;
				LD_RUNPATH_SEARCH_PATHS = "$(inherited) @executable_path/Frameworks @executable_path/../../Frameworks";
				PRODUCT_BUNDLE_IDENTIFIER = com.OnePercent.ios.widget;
				PRODUCT_NAME = "$(TARGET_NAME)";
				SKIP_INSTALL = YES;
				SWIFT_VERSION = 4.0;
				TARGETED_DEVICE_FAMILY = "1,2";
			};
			name = Release;
		};
/* End XCBuildConfiguration section */

/* Begin XCConfigurationList section */
		C92EC0341DBD1D58005D7D8B /* Build configuration list for PBXProject "OnePercent" */ = {
			isa = XCConfigurationList;
			buildConfigurations = (
				C92EC05F1DBD1D59005D7D8B /* Debug */,
				C92EC0601DBD1D59005D7D8B /* Release */,
			);
			defaultConfigurationIsVisible = 0;
			defaultConfigurationName = Release;
		};
		C92EC0611DBD1D59005D7D8B /* Build configuration list for PBXNativeTarget "OnePercent" */ = {
			isa = XCConfigurationList;
			buildConfigurations = (
				C92EC0621DBD1D59005D7D8B /* Debug */,
				C92EC0631DBD1D59005D7D8B /* Release */,
			);
			defaultConfigurationIsVisible = 0;
			defaultConfigurationName = Release;
		};
		C93B4849216BD3F50086F6F5 /* Build configuration list for PBXNativeTarget "widget" */ = {
			isa = XCConfigurationList;
			buildConfigurations = (
				C93B484A216BD3F50086F6F5 /* Debug */,
				C93B484B216BD3F50086F6F5 /* Release */,
			);
			defaultConfigurationIsVisible = 0;
			defaultConfigurationName = Release;
		};
/* End XCConfigurationList section */
	};
	rootObject = C92EC0311DBD1D58005D7D8B /* Project object */;
}
